// !$*UTF8*$!
{
	archiveVersion = 1;
	classes = {
	};
	objectVersion = 55;
	objects = {

/* Begin PBXBuildFile section */
		3B059211283F80F7009C9AB0 /* AppDelegate.swift in Sources */ = {isa = PBXBuildFile; fileRef = 3B059210283F80F7009C9AB0 /* AppDelegate.swift */; };
		3B059213283F80F7009C9AB0 /* SceneDelegate.swift in Sources */ = {isa = PBXBuildFile; fileRef = 3B059212283F80F7009C9AB0 /* SceneDelegate.swift */; };
		3B059215283F80F7009C9AB0 /* ViewController.swift in Sources */ = {isa = PBXBuildFile; fileRef = 3B059214283F80F7009C9AB0 /* ViewController.swift */; };
		3B059218283F80F7009C9AB0 /* Main.storyboard in Resources */ = {isa = PBXBuildFile; fileRef = 3B059216283F80F7009C9AB0 /* Main.storyboard */; };
		3B05921A283F80F8009C9AB0 /* Assets.xcassets in Resources */ = {isa = PBXBuildFile; fileRef = 3B059219283F80F8009C9AB0 /* Assets.xcassets */; };
		3B05921D283F80F8009C9AB0 /* LaunchScreen.storyboard in Resources */ = {isa = PBXBuildFile; fileRef = 3B05921B283F80F8009C9AB0 /* LaunchScreen.storyboard */; };
		3B059228283F80F8009C9AB0 /* JazziconSwift_DemoTests.swift in Sources */ = {isa = PBXBuildFile; fileRef = 3B059227283F80F8009C9AB0 /* JazziconSwift_DemoTests.swift */; };
		3B059232283F80F8009C9AB0 /* JazziconSwift_DemoUITests.swift in Sources */ = {isa = PBXBuildFile; fileRef = 3B059231283F80F8009C9AB0 /* JazziconSwift_DemoUITests.swift */; };
		3B059234283F80F8009C9AB0 /* JazziconSwift_DemoUITestsLaunchTests.swift in Sources */ = {isa = PBXBuildFile; fileRef = 3B059233283F80F8009C9AB0 /* JazziconSwift_DemoUITestsLaunchTests.swift */; };
		3B059244283F813C009C9AB0 /* JazziconSwift in Frameworks */ = {isa = PBXBuildFile; productRef = 3B059243283F813C009C9AB0 /* JazziconSwift */; };
/* End PBXBuildFile section */

/* Begin PBXContainerItemProxy section */
		3B059224283F80F8009C9AB0 /* PBXContainerItemProxy */ = {
			isa = PBXContainerItemProxy;
			containerPortal = 3B059205283F80F7009C9AB0 /* Project object */;
			proxyType = 1;
			remoteGlobalIDString = 3B05920C283F80F7009C9AB0;
			remoteInfo = "JazziconSwift-Demo";
		};
		3B05922E283F80F8009C9AB0 /* PBXContainerItemProxy */ = {
			isa = PBXContainerItemProxy;
			containerPortal = 3B059205283F80F7009C9AB0 /* Project object */;
			proxyType = 1;
			remoteGlobalIDString = 3B05920C283F80F7009C9AB0;
			remoteInfo = "JazziconSwift-Demo";
		};
/* End PBXContainerItemProxy section */

/* Begin PBXFileReference section */
		3B05920D283F80F7009C9AB0 /* JazziconSwift-Demo.app */ = {isa = PBXFileReference; explicitFileType = wrapper.application; includeInIndex = 0; path = "JazziconSwift-Demo.app"; sourceTree = BUILT_PRODUCTS_DIR; };
		3B059210283F80F7009C9AB0 /* AppDelegate.swift */ = {isa = PBXFileReference; lastKnownFileType = sourcecode.swift; path = AppDelegate.swift; sourceTree = "<group>"; };
		3B059212283F80F7009C9AB0 /* SceneDelegate.swift */ = {isa = PBXFileReference; lastKnownFileType = sourcecode.swift; path = SceneDelegate.swift; sourceTree = "<group>"; };
		3B059214283F80F7009C9AB0 /* ViewController.swift */ = {isa = PBXFileReference; lastKnownFileType = sourcecode.swift; path = ViewController.swift; sourceTree = "<group>"; };
		3B059217283F80F7009C9AB0 /* Base */ = {isa = PBXFileReference; lastKnownFileType = file.storyboard; name = Base; path = Base.lproj/Main.storyboard; sourceTree = "<group>"; };
		3B059219283F80F8009C9AB0 /* Assets.xcassets */ = {isa = PBXFileReference; lastKnownFileType = folder.assetcatalog; path = Assets.xcassets; sourceTree = "<group>"; };
		3B05921C283F80F8009C9AB0 /* Base */ = {isa = PBXFileReference; lastKnownFileType = file.storyboard; name = Base; path = Base.lproj/LaunchScreen.storyboard; sourceTree = "<group>"; };
		3B05921E283F80F8009C9AB0 /* Info.plist */ = {isa = PBXFileReference; lastKnownFileType = text.plist.xml; path = Info.plist; sourceTree = "<group>"; };
		3B059223283F80F8009C9AB0 /* JazziconSwift-DemoTests.xctest */ = {isa = PBXFileReference; explicitFileType = wrapper.cfbundle; includeInIndex = 0; path = "JazziconSwift-DemoTests.xctest"; sourceTree = BUILT_PRODUCTS_DIR; };
		3B059227283F80F8009C9AB0 /* JazziconSwift_DemoTests.swift */ = {isa = PBXFileReference; lastKnownFileType = sourcecode.swift; path = JazziconSwift_DemoTests.swift; sourceTree = "<group>"; };
		3B05922D283F80F8009C9AB0 /* JazziconSwift-DemoUITests.xctest */ = {isa = PBXFileReference; explicitFileType = wrapper.cfbundle; includeInIndex = 0; path = "JazziconSwift-DemoUITests.xctest"; sourceTree = BUILT_PRODUCTS_DIR; };
		3B059231283F80F8009C9AB0 /* JazziconSwift_DemoUITests.swift */ = {isa = PBXFileReference; lastKnownFileType = sourcecode.swift; path = JazziconSwift_DemoUITests.swift; sourceTree = "<group>"; };
		3B059233283F80F8009C9AB0 /* JazziconSwift_DemoUITestsLaunchTests.swift */ = {isa = PBXFileReference; lastKnownFileType = sourcecode.swift; path = JazziconSwift_DemoUITestsLaunchTests.swift; sourceTree = "<group>"; };
		3B059241283F8135009C9AB0 /* JazziconSwift */ = {isa = PBXFileReference; lastKnownFileType = wrapper; name = JazziconSwift; path = ..; sourceTree = "<group>"; };
/* End PBXFileReference section */

/* Begin PBXFrameworksBuildPhase section */
		3B05920A283F80F7009C9AB0 /* Frameworks */ = {
			isa = PBXFrameworksBuildPhase;
			buildActionMask = 2147483647;
			files = (
				3B059244283F813C009C9AB0 /* JazziconSwift in Frameworks */,
			);
			runOnlyForDeploymentPostprocessing = 0;
		};
		3B059220283F80F8009C9AB0 /* Frameworks */ = {
			isa = PBXFrameworksBuildPhase;
			buildActionMask = 2147483647;
			files = (
			);
			runOnlyForDeploymentPostprocessing = 0;
		};
		3B05922A283F80F8009C9AB0 /* Frameworks */ = {
			isa = PBXFrameworksBuildPhase;
			buildActionMask = 2147483647;
			files = (
			);
			runOnlyForDeploymentPostprocessing = 0;
		};
/* End PBXFrameworksBuildPhase section */

/* Begin PBXGroup section */
		3B059204283F80F7009C9AB0 = {
			isa = PBXGroup;
			children = (
				3B059240283F8135009C9AB0 /* Packages */,
				3B05920F283F80F7009C9AB0 /* JazziconSwift-Demo */,
				3B059226283F80F8009C9AB0 /* JazziconSwift-DemoTests */,
				3B059230283F80F8009C9AB0 /* JazziconSwift-DemoUITests */,
				3B05920E283F80F7009C9AB0 /* Products */,
				3B059242283F813C009C9AB0 /* Frameworks */,
			);
			sourceTree = "<group>";
		};
		3B05920E283F80F7009C9AB0 /* Products */ = {
			isa = PBXGroup;
			children = (
				3B05920D283F80F7009C9AB0 /* JazziconSwift-Demo.app */,
				3B059223283F80F8009C9AB0 /* JazziconSwift-DemoTests.xctest */,
				3B05922D283F80F8009C9AB0 /* JazziconSwift-DemoUITests.xctest */,
			);
			name = Products;
			sourceTree = "<group>";
		};
		3B05920F283F80F7009C9AB0 /* JazziconSwift-Demo */ = {
			isa = PBXGroup;
			children = (
				3B059210283F80F7009C9AB0 /* AppDelegate.swift */,
				3B059212283F80F7009C9AB0 /* SceneDelegate.swift */,
				3B059214283F80F7009C9AB0 /* ViewController.swift */,
				3B059216283F80F7009C9AB0 /* Main.storyboard */,
				3B059219283F80F8009C9AB0 /* Assets.xcassets */,
				3B05921B283F80F8009C9AB0 /* LaunchScreen.storyboard */,
				3B05921E283F80F8009C9AB0 /* Info.plist */,
			);
			path = "JazziconSwift-Demo";
			sourceTree = "<group>";
		};
		3B059226283F80F8009C9AB0 /* JazziconSwift-DemoTests */ = {
			isa = PBXGroup;
			children = (
				3B059227283F80F8009C9AB0 /* JazziconSwift_DemoTests.swift */,
			);
			path = "JazziconSwift-DemoTests";
			sourceTree = "<group>";
		};
		3B059230283F80F8009C9AB0 /* JazziconSwift-DemoUITests */ = {
			isa = PBXGroup;
			children = (
				3B059231283F80F8009C9AB0 /* JazziconSwift_DemoUITests.swift */,
				3B059233283F80F8009C9AB0 /* JazziconSwift_DemoUITestsLaunchTests.swift */,
			);
			path = "JazziconSwift-DemoUITests";
			sourceTree = "<group>";
		};
		3B059240283F8135009C9AB0 /* Packages */ = {
			isa = PBXGroup;
			children = (
				3B059241283F8135009C9AB0 /* JazziconSwift */,
			);
			name = Packages;
			sourceTree = "<group>";
		};
		3B059242283F813C009C9AB0 /* Frameworks */ = {
			isa = PBXGroup;
			children = (
			);
			name = Frameworks;
			sourceTree = "<group>";
		};
/* End PBXGroup section */

/* Begin PBXNativeTarget section */
		3B05920C283F80F7009C9AB0 /* JazziconSwift-Demo */ = {
			isa = PBXNativeTarget;
			buildConfigurationList = 3B059237283F80F8009C9AB0 /* Build configuration list for PBXNativeTarget "JazziconSwift-Demo" */;
			buildPhases = (
				3B059209283F80F7009C9AB0 /* Sources */,
				3B05920A283F80F7009C9AB0 /* Frameworks */,
				3B05920B283F80F7009C9AB0 /* Resources */,
			);
			buildRules = (
			);
			dependencies = (
			);
			name = "JazziconSwift-Demo";
			packageProductDependencies = (
				3B059243283F813C009C9AB0 /* JazziconSwift */,
			);
			productName = "JazziconSwift-Demo";
			productReference = 3B05920D283F80F7009C9AB0 /* JazziconSwift-Demo.app */;
			productType = "com.apple.product-type.application";
		};
		3B059222283F80F8009C9AB0 /* JazziconSwift-DemoTests */ = {
			isa = PBXNativeTarget;
			buildConfigurationList = 3B05923A283F80F8009C9AB0 /* Build configuration list for PBXNativeTarget "JazziconSwift-DemoTests" */;
			buildPhases = (
				3B05921F283F80F8009C9AB0 /* Sources */,
				3B059220283F80F8009C9AB0 /* Frameworks */,
				3B059221283F80F8009C9AB0 /* Resources */,
			);
			buildRules = (
			);
			dependencies = (
				3B059225283F80F8009C9AB0 /* PBXTargetDependency */,
			);
			name = "JazziconSwift-DemoTests";
			productName = "JazziconSwift-DemoTests";
			productReference = 3B059223283F80F8009C9AB0 /* JazziconSwift-DemoTests.xctest */;
			productType = "com.apple.product-type.bundle.unit-test";
		};
		3B05922C283F80F8009C9AB0 /* JazziconSwift-DemoUITests */ = {
			isa = PBXNativeTarget;
			buildConfigurationList = 3B05923D283F80F8009C9AB0 /* Build configuration list for PBXNativeTarget "JazziconSwift-DemoUITests" */;
			buildPhases = (
				3B059229283F80F8009C9AB0 /* Sources */,
				3B05922A283F80F8009C9AB0 /* Frameworks */,
				3B05922B283F80F8009C9AB0 /* Resources */,
			);
			buildRules = (
			);
			dependencies = (
				3B05922F283F80F8009C9AB0 /* PBXTargetDependency */,
			);
			name = "JazziconSwift-DemoUITests";
			productName = "JazziconSwift-DemoUITests";
			productReference = 3B05922D283F80F8009C9AB0 /* JazziconSwift-DemoUITests.xctest */;
			productType = "com.apple.product-type.bundle.ui-testing";
		};
/* End PBXNativeTarget section */

/* Begin PBXProject section */
		3B059205283F80F7009C9AB0 /* Project object */ = {
			isa = PBXProject;
			attributes = {
				BuildIndependentTargetsInParallel = 1;
				LastSwiftUpdateCheck = 1340;
				LastUpgradeCheck = 1340;
				TargetAttributes = {
					3B05920C283F80F7009C9AB0 = {
						CreatedOnToolsVersion = 13.4;
					};
					3B059222283F80F8009C9AB0 = {
						CreatedOnToolsVersion = 13.4;
						TestTargetID = 3B05920C283F80F7009C9AB0;
					};
					3B05922C283F80F8009C9AB0 = {
						CreatedOnToolsVersion = 13.4;
						TestTargetID = 3B05920C283F80F7009C9AB0;
					};
				};
			};
			buildConfigurationList = 3B059208283F80F7009C9AB0 /* Build configuration list for PBXProject "JazziconSwift-Demo" */;
			compatibilityVersion = "Xcode 13.0";
			developmentRegion = en;
			hasScannedForEncodings = 0;
			knownRegions = (
				en,
				Base,
			);
			mainGroup = 3B059204283F80F7009C9AB0;
			productRefGroup = 3B05920E283F80F7009C9AB0 /* Products */;
			projectDirPath = "";
			projectRoot = "";
			targets = (
				3B05920C283F80F7009C9AB0 /* JazziconSwift-Demo */,
				3B059222283F80F8009C9AB0 /* JazziconSwift-DemoTests */,
				3B05922C283F80F8009C9AB0 /* JazziconSwift-DemoUITests */,
			);
		};
/* End PBXProject section */

/* Begin PBXResourcesBuildPhase section */
		3B05920B283F80F7009C9AB0 /* Resources */ = {
			isa = PBXResourcesBuildPhase;
			buildActionMask = 2147483647;
			files = (
				3B05921D283F80F8009C9AB0 /* LaunchScreen.storyboard in Resources */,
				3B05921A283F80F8009C9AB0 /* Assets.xcassets in Resources */,
				3B059218283F80F7009C9AB0 /* Main.storyboard in Resources */,
			);
			runOnlyForDeploymentPostprocessing = 0;
		};
		3B059221283F80F8009C9AB0 /* Resources */ = {
			isa = PBXResourcesBuildPhase;
			buildActionMask = 2147483647;
			files = (
			);
			runOnlyForDeploymentPostprocessing = 0;
		};
		3B05922B283F80F8009C9AB0 /* Resources */ = {
			isa = PBXResourcesBuildPhase;
			buildActionMask = 2147483647;
			files = (
			);
			runOnlyForDeploymentPostprocessing = 0;
		};
/* End PBXResourcesBuildPhase section */

/* Begin PBXSourcesBuildPhase section */
		3B059209283F80F7009C9AB0 /* Sources */ = {
			isa = PBXSourcesBuildPhase;
			buildActionMask = 2147483647;
			files = (
				3B059215283F80F7009C9AB0 /* ViewController.swift in Sources */,
				3B059211283F80F7009C9AB0 /* AppDelegate.swift in Sources */,
				3B059213283F80F7009C9AB0 /* SceneDelegate.swift in Sources */,
			);
			runOnlyForDeploymentPostprocessing = 0;
		};
		3B05921F283F80F8009C9AB0 /* Sources */ = {
			isa = PBXSourcesBuildPhase;
			buildActionMask = 2147483647;
			files = (
				3B059228283F80F8009C9AB0 /* JazziconSwift_DemoTests.swift in Sources */,
			);
			runOnlyForDeploymentPostprocessing = 0;
		};
		3B059229283F80F8009C9AB0 /* Sources */ = {
			isa = PBXSourcesBuildPhase;
			buildActionMask = 2147483647;
			files = (
				3B059232283F80F8009C9AB0 /* JazziconSwift_DemoUITests.swift in Sources */,
				3B059234283F80F8009C9AB0 /* JazziconSwift_DemoUITestsLaunchTests.swift in Sources */,
			);
			runOnlyForDeploymentPostprocessing = 0;
		};
/* End PBXSourcesBuildPhase section */

/* Begin PBXTargetDependency section */
		3B059225283F80F8009C9AB0 /* PBXTargetDependency */ = {
			isa = PBXTargetDependency;
			target = 3B05920C283F80F7009C9AB0 /* JazziconSwift-Demo */;
			targetProxy = 3B059224283F80F8009C9AB0 /* PBXContainerItemProxy */;
		};
		3B05922F283F80F8009C9AB0 /* PBXTargetDependency */ = {
			isa = PBXTargetDependency;
			target = 3B05920C283F80F7009C9AB0 /* JazziconSwift-Demo */;
			targetProxy = 3B05922E283F80F8009C9AB0 /* PBXContainerItemProxy */;
		};
/* End PBXTargetDependency section */

/* Begin PBXVariantGroup section */
		3B059216283F80F7009C9AB0 /* Main.storyboard */ = {
			isa = PBXVariantGroup;
			children = (
				3B059217283F80F7009C9AB0 /* Base */,
			);
			name = Main.storyboard;
			sourceTree = "<group>";
		};
		3B05921B283F80F8009C9AB0 /* LaunchScreen.storyboard */ = {
			isa = PBXVariantGroup;
			children = (
				3B05921C283F80F8009C9AB0 /* Base */,
			);
			name = LaunchScreen.storyboard;
			sourceTree = "<group>";
		};
/* End PBXVariantGroup section */

/* Begin XCBuildConfiguration section */
		3B059235283F80F8009C9AB0 /* Debug */ = {
			isa = XCBuildConfiguration;
			buildSettings = {
				ALWAYS_SEARCH_USER_PATHS = NO;
				CLANG_ANALYZER_NONNULL = YES;
				CLANG_ANALYZER_NUMBER_OBJECT_CONVERSION = YES_AGGRESSIVE;
				CLANG_CXX_LANGUAGE_STANDARD = "gnu++17";
				CLANG_ENABLE_MODULES = YES;
				CLANG_ENABLE_OBJC_ARC = YES;
				CLANG_ENABLE_OBJC_WEAK = YES;
				CLANG_WARN_BLOCK_CAPTURE_AUTORELEASING = YES;
				CLANG_WARN_BOOL_CONVERSION = YES;
				CLANG_WARN_COMMA = YES;
				CLANG_WARN_CONSTANT_CONVERSION = YES;
				CLANG_WARN_DEPRECATED_OBJC_IMPLEMENTATIONS = YES;
				CLANG_WARN_DIRECT_OBJC_ISA_USAGE = YES_ERROR;
				CLANG_WARN_DOCUMENTATION_COMMENTS = YES;
				CLANG_WARN_EMPTY_BODY = YES;
				CLANG_WARN_ENUM_CONVERSION = YES;
				CLANG_WARN_INFINITE_RECURSION = YES;
				CLANG_WARN_INT_CONVERSION = YES;
				CLANG_WARN_NON_LITERAL_NULL_CONVERSION = YES;
				CLANG_WARN_OBJC_IMPLICIT_RETAIN_SELF = YES;
				CLANG_WARN_OBJC_LITERAL_CONVERSION = YES;
				CLANG_WARN_OBJC_ROOT_CLASS = YES_ERROR;
				CLANG_WARN_QUOTED_INCLUDE_IN_FRAMEWORK_HEADER = YES;
				CLANG_WARN_RANGE_LOOP_ANALYSIS = YES;
				CLANG_WARN_STRICT_PROTOTYPES = YES;
				CLANG_WARN_SUSPICIOUS_MOVE = YES;
				CLANG_WARN_UNGUARDED_AVAILABILITY = YES_AGGRESSIVE;
				CLANG_WARN_UNREACHABLE_CODE = YES;
				CLANG_WARN__DUPLICATE_METHOD_MATCH = YES;
				COPY_PHASE_STRIP = NO;
				DEBUG_INFORMATION_FORMAT = dwarf;
				ENABLE_STRICT_OBJC_MSGSEND = YES;
				ENABLE_TESTABILITY = YES;
				GCC_C_LANGUAGE_STANDARD = gnu11;
				GCC_DYNAMIC_NO_PIC = NO;
				GCC_NO_COMMON_BLOCKS = YES;
				GCC_OPTIMIZATION_LEVEL = 0;
				GCC_PREPROCESSOR_DEFINITIONS = (
					"DEBUG=1",
					"$(inherited)",
				);
				GCC_WARN_64_TO_32_BIT_CONVERSION = YES;
				GCC_WARN_ABOUT_RETURN_TYPE = YES_ERROR;
				GCC_WARN_UNDECLARED_SELECTOR = YES;
				GCC_WARN_UNINITIALIZED_AUTOS = YES_AGGRESSIVE;
				GCC_WARN_UNUSED_FUNCTION = YES;
				GCC_WARN_UNUSED_VARIABLE = YES;
				IPHONEOS_DEPLOYMENT_TARGET = 15.5;
				MTL_ENABLE_DEBUG_INFO = INCLUDE_SOURCE;
				MTL_FAST_MATH = YES;
				ONLY_ACTIVE_ARCH = YES;
				SDKROOT = iphoneos;
				SWIFT_ACTIVE_COMPILATION_CONDITIONS = DEBUG;
				SWIFT_OPTIMIZATION_LEVEL = "-Onone";
			};
			name = Debug;
		};
		3B059236283F80F8009C9AB0 /* Release */ = {
			isa = XCBuildConfiguration;
			buildSettings = {
				ALWAYS_SEARCH_USER_PATHS = NO;
				CLANG_ANALYZER_NONNULL = YES;
				CLANG_ANALYZER_NUMBER_OBJECT_CONVERSION = YES_AGGRESSIVE;
				CLANG_CXX_LANGUAGE_STANDARD = "gnu++17";
				CLANG_ENABLE_MODULES = YES;
				CLANG_ENABLE_OBJC_ARC = YES;
				CLANG_ENABLE_OBJC_WEAK = YES;
				CLANG_WARN_BLOCK_CAPTURE_AUTORELEASING = YES;
				CLANG_WARN_BOOL_CONVERSION = YES;
				CLANG_WARN_COMMA = YES;
				CLANG_WARN_CONSTANT_CONVERSION = YES;
				CLANG_WARN_DEPRECATED_OBJC_IMPLEMENTATIONS = YES;
				CLANG_WARN_DIRECT_OBJC_ISA_USAGE = YES_ERROR;
				CLANG_WARN_DOCUMENTATION_COMMENTS = YES;
				CLANG_WARN_EMPTY_BODY = YES;
				CLANG_WARN_ENUM_CONVERSION = YES;
				CLANG_WARN_INFINITE_RECURSION = YES;
				CLANG_WARN_INT_CONVERSION = YES;
				CLANG_WARN_NON_LITERAL_NULL_CONVERSION = YES;
				CLANG_WARN_OBJC_IMPLICIT_RETAIN_SELF = YES;
				CLANG_WARN_OBJC_LITERAL_CONVERSION = YES;
				CLANG_WARN_OBJC_ROOT_CLASS = YES_ERROR;
				CLANG_WARN_QUOTED_INCLUDE_IN_FRAMEWORK_HEADER = YES;
				CLANG_WARN_RANGE_LOOP_ANALYSIS = YES;
				CLANG_WARN_STRICT_PROTOTYPES = YES;
				CLANG_WARN_SUSPICIOUS_MOVE = YES;
				CLANG_WARN_UNGUARDED_AVAILABILITY = YES_AGGRESSIVE;
				CLANG_WARN_UNREACHABLE_CODE = YES;
				CLANG_WARN__DUPLICATE_METHOD_MATCH = YES;
				COPY_PHASE_STRIP = NO;
				DEBUG_INFORMATION_FORMAT = "dwarf-with-dsym";
				ENABLE_NS_ASSERTIONS = NO;
				ENABLE_STRICT_OBJC_MSGSEND = YES;
				GCC_C_LANGUAGE_STANDARD = gnu11;
				GCC_NO_COMMON_BLOCKS = YES;
				GCC_WARN_64_TO_32_BIT_CONVERSION = YES;
				GCC_WARN_ABOUT_RETURN_TYPE = YES_ERROR;
				GCC_WARN_UNDECLARED_SELECTOR = YES;
				GCC_WARN_UNINITIALIZED_AUTOS = YES_AGGRESSIVE;
				GCC_WARN_UNUSED_FUNCTION = YES;
				GCC_WARN_UNUSED_VARIABLE = YES;
				IPHONEOS_DEPLOYMENT_TARGET = 15.5;
				MTL_ENABLE_DEBUG_INFO = NO;
				MTL_FAST_MATH = YES;
				SDKROOT = iphoneos;
				SWIFT_COMPILATION_MODE = wholemodule;
				SWIFT_OPTIMIZATION_LEVEL = "-O";
				VALIDATE_PRODUCT = YES;
			};
			name = Release;
		};
		3B059238283F80F8009C9AB0 /* Debug */ = {
			isa = XCBuildConfiguration;
			buildSettings = {
				ASSETCATALOG_COMPILER_APPICON_NAME = AppIcon;
				ASSETCATALOG_COMPILER_GLOBAL_ACCENT_COLOR_NAME = AccentColor;
				CODE_SIGN_STYLE = Automatic;
				CURRENT_PROJECT_VERSION = 1;
				DEVELOPMENT_TEAM = QPW4XRTF2N;
				GENERATE_INFOPLIST_FILE = YES;
				INFOPLIST_FILE = "JazziconSwift-Demo/Info.plist";
				INFOPLIST_KEY_UIApplicationSupportsIndirectInputEvents = YES;
				INFOPLIST_KEY_UILaunchStoryboardName = LaunchScreen;
				INFOPLIST_KEY_UIMainStoryboardFile = Main;
				INFOPLIST_KEY_UISupportedInterfaceOrientations_iPad = "UIInterfaceOrientationPortrait UIInterfaceOrientationPortraitUpsideDown UIInterfaceOrientationLandscapeLeft UIInterfaceOrientationLandscapeRight";
				INFOPLIST_KEY_UISupportedInterfaceOrientations_iPhone = "UIInterfaceOrientationPortrait UIInterfaceOrientationLandscapeLeft UIInterfaceOrientationLandscapeRight";
				LD_RUNPATH_SEARCH_PATHS = (
					"$(inherited)",
					"@executable_path/Frameworks",
				);
				MARKETING_VERSION = 1.0;
				PRODUCT_BUNDLE_IDENTIFIER = "info.bigears.JazziconSwift-Demo";
				PRODUCT_NAME = "$(TARGET_NAME)";
				SWIFT_EMIT_LOC_STRINGS = YES;
				SWIFT_VERSION = 5.0;
				TARGETED_DEVICE_FAMILY = "1,2";
			};
			name = Debug;
		};
		3B059239283F80F8009C9AB0 /* Release */ = {
			isa = XCBuildConfiguration;
			buildSettings = {
				ASSETCATALOG_COMPILER_APPICON_NAME = AppIcon;
				ASSETCATALOG_COMPILER_GLOBAL_ACCENT_COLOR_NAME = AccentColor;
				CODE_SIGN_STYLE = Automatic;
				CURRENT_PROJECT_VERSION = 1;
				DEVELOPMENT_TEAM = QPW4XRTF2N;
				GENERATE_INFOPLIST_FILE = YES;
				INFOPLIST_FILE = "JazziconSwift-Demo/Info.plist";
				INFOPLIST_KEY_UIApplicationSupportsIndirectInputEvents = YES;
				INFOPLIST_KEY_UILaunchStoryboardName = LaunchScreen;
				INFOPLIST_KEY_UIMainStoryboardFile = Main;
				INFOPLIST_KEY_UISupportedInterfaceOrientations_iPad = "UIInterfaceOrientationPortrait UIInterfaceOrientationPortraitUpsideDown UIInterfaceOrientationLandscapeLeft UIInterfaceOrientationLandscapeRight";
				INFOPLIST_KEY_UISupportedInterfaceOrientations_iPhone = "UIInterfaceOrientationPortrait UIInterfaceOrientationLandscapeLeft UIInterfaceOrientationLandscapeRight";
				LD_RUNPATH_SEARCH_PATHS = (
					"$(inherited)",
					"@executable_path/Frameworks",
				);
				MARKETING_VERSION = 1.0;
				PRODUCT_BUNDLE_IDENTIFIER = "info.bigears.JazziconSwift-Demo";
				PRODUCT_NAME = "$(TARGET_NAME)";
				SWIFT_EMIT_LOC_STRINGS = YES;
				SWIFT_VERSION = 5.0;
				TARGETED_DEVICE_FAMILY = "1,2";
			};
			name = Release;
		};
		3B05923B283F80F8009C9AB0 /* Debug */ = {
			isa = XCBuildConfiguration;
			buildSettings = {
				ALWAYS_EMBED_SWIFT_STANDARD_LIBRARIES = YES;
				BUNDLE_LOADER = "$(TEST_HOST)";
				CODE_SIGN_STYLE = Automatic;
				CURRENT_PROJECT_VERSION = 1;
				GENERATE_INFOPLIST_FILE = YES;
				IPHONEOS_DEPLOYMENT_TARGET = 15.5;
				MARKETING_VERSION = 1.0;
				PRODUCT_BUNDLE_IDENTIFIER = "info.bigears.JazziconSwift-DemoTests";
				PRODUCT_NAME = "$(TARGET_NAME)";
				SWIFT_EMIT_LOC_STRINGS = NO;
				SWIFT_VERSION = 5.0;
				TARGETED_DEVICE_FAMILY = "1,2";
				TEST_HOST = "$(BUILT_PRODUCTS_DIR)/JazziconSwift-Demo.app/JazziconSwift-Demo";
			};
			name = Debug;
		};
		3B05923C283F80F8009C9AB0 /* Release */ = {
			isa = XCBuildConfiguration;
			buildSettings = {
				ALWAYS_EMBED_SWIFT_STANDARD_LIBRARIES = YES;
				BUNDLE_LOADER = "$(TEST_HOST)";
				CODE_SIGN_STYLE = Automatic;
				CURRENT_PROJECT_VERSION = 1;
				GENERATE_INFOPLIST_FILE = YES;
				IPHONEOS_DEPLOYMENT_TARGET = 15.5;
				MARKETING_VERSION = 1.0;
				PRODUCT_BUNDLE_IDENTIFIER = "info.bigears.JazziconSwift-DemoTests";
				PRODUCT_NAME = "$(TARGET_NAME)";
				SWIFT_EMIT_LOC_STRINGS = NO;
				SWIFT_VERSION = 5.0;
				TARGETED_DEVICE_FAMILY = "1,2";
				TEST_HOST = "$(BUILT_PRODUCTS_DIR)/JazziconSwift-Demo.app/JazziconSwift-Demo";
			};
			name = Release;
		};
		3B05923E283F80F8009C9AB0 /* Debug */ = {
			isa = XCBuildConfiguration;
			buildSettings = {
				ALWAYS_EMBED_SWIFT_STANDARD_LIBRARIES = YES;
				CODE_SIGN_STYLE = Automatic;
				CURRENT_PROJECT_VERSION = 1;
				GENERATE_INFOPLIST_FILE = YES;
				MARKETING_VERSION = 1.0;
				PRODUCT_BUNDLE_IDENTIFIER = "info.bigears.JazziconSwift-DemoUITests";
				PRODUCT_NAME = "$(TARGET_NAME)";
				SWIFT_EMIT_LOC_STRINGS = NO;
				SWIFT_VERSION = 5.0;
				TARGETED_DEVICE_FAMILY = "1,2";
				TEST_TARGET_NAME = "JazziconSwift-Demo";
			};
			name = Debug;
		};
		3B05923F283F80F8009C9AB0 /* Release */ = {
			isa = XCBuildConfiguration;
			buildSettings = {
				ALWAYS_EMBED_SWIFT_STANDARD_LIBRARIES = YES;
				CODE_SIGN_STYLE = Automatic;
				CURRENT_PROJECT_VERSION = 1;
				GENERATE_INFOPLIST_FILE = YES;
				MARKETING_VERSION = 1.0;
				PRODUCT_BUNDLE_IDENTIFIER = "info.bigears.JazziconSwift-DemoUITests";
				PRODUCT_NAME = "$(TARGET_NAME)";
				SWIFT_EMIT_LOC_STRINGS = NO;
				SWIFT_VERSION = 5.0;
				TARGETED_DEVICE_FAMILY = "1,2";
				TEST_TARGET_NAME = "JazziconSwift-Demo";
			};
			name = Release;
		};
/* End XCBuildConfiguration section */

/* Begin XCConfigurationList section */
		3B059208283F80F7009C9AB0 /* Build configuration list for PBXProject "JazziconSwift-Demo" */ = {
			isa = XCConfigurationList;
			buildConfigurations = (
				3B059235283F80F8009C9AB0 /* Debug */,
				3B059236283F80F8009C9AB0 /* Release */,
			);
			defaultConfigurationIsVisible = 0;
			defaultConfigurationName = Release;
		};
		3B059237283F80F8009C9AB0 /* Build configuration list for PBXNativeTarget "JazziconSwift-Demo" */ = {
			isa = XCConfigurationList;
			buildConfigurations = (
				3B059238283F80F8009C9AB0 /* Debug */,
				3B059239283F80F8009C9AB0 /* Release */,
			);
			defaultConfigurationIsVisible = 0;
			defaultConfigurationName = Release;
		};
		3B05923A283F80F8009C9AB0 /* Build configuration list for PBXNativeTarget "JazziconSwift-DemoTests" */ = {
			isa = XCConfigurationList;
			buildConfigurations = (
				3B05923B283F80F8009C9AB0 /* Debug */,
				3B05923C283F80F8009C9AB0 /* Release */,
			);
			defaultConfigurationIsVisible = 0;
			defaultConfigurationName = Release;
		};
		3B05923D283F80F8009C9AB0 /* Build configuration list for PBXNativeTarget "JazziconSwift-DemoUITests" */ = {
			isa = XCConfigurationList;
			buildConfigurations = (
				3B05923E283F80F8009C9AB0 /* Debug */,
				3B05923F283F80F8009C9AB0 /* Release */,
			);
			defaultConfigurationIsVisible = 0;
			defaultConfigurationName = Release;
		};
/* End XCConfigurationList section */

/* Begin XCSwiftPackageProductDependency section */
		3B059243283F813C009C9AB0 /* JazziconSwift */ = {
			isa = XCSwiftPackageProductDependency;
			productName = JazziconSwift;
		};
/* End XCSwiftPackageProductDependency section */
	};
	rootObject = 3B059205283F80F7009C9AB0 /* Project object */;
}
